// !$*UTF8*$!
{
	archiveVersion = 1;
	classes = {
	};
	objectVersion = 55;
	objects = {

/* Begin PBXBuildFile section */
		261CA71B2887A05400C7C09B /* ShareSheet.swift in Sources */ = {isa = PBXBuildFile; fileRef = 261CA71A2887A05400C7C09B /* ShareSheet.swift */; };
		261CA71C2887A05400C7C09B /* ShareSheet.swift in Sources */ = {isa = PBXBuildFile; fileRef = 261CA71A2887A05400C7C09B /* ShareSheet.swift */; };
		261CA71E2887AA1C00C7C09B /* CustomSheetView.swift in Sources */ = {isa = PBXBuildFile; fileRef = 261CA71D2887AA1C00C7C09B /* CustomSheetView.swift */; };
		261CA71F2887AA1C00C7C09B /* CustomSheetView.swift in Sources */ = {isa = PBXBuildFile; fileRef = 261CA71D2887AA1C00C7C09B /* CustomSheetView.swift */; };
		261CA72728885E5100C7C09B /* AuthContentView.swift in Sources */ = {isa = PBXBuildFile; fileRef = 261CA72628885E5100C7C09B /* AuthContentView.swift */; };
		261CA72828885E5100C7C09B /* AuthContentView.swift in Sources */ = {isa = PBXBuildFile; fileRef = 261CA72628885E5100C7C09B /* AuthContentView.swift */; };
		261CA72A28885E9300C7C09B /* DeeplinkManager.swift in Sources */ = {isa = PBXBuildFile; fileRef = 261CA72928885E9300C7C09B /* DeeplinkManager.swift */; };
		261CA72B28885E9300C7C09B /* DeeplinkManager.swift in Sources */ = {isa = PBXBuildFile; fileRef = 261CA72928885E9300C7C09B /* DeeplinkManager.swift */; };
		261CA72D288865B000C7C09B /* Authenticator.swift in Sources */ = {isa = PBXBuildFile; fileRef = 261CA72C288865B000C7C09B /* Authenticator.swift */; };
		261CA72E288865B000C7C09B /* Authenticator.swift in Sources */ = {isa = PBXBuildFile; fileRef = 261CA72C288865B000C7C09B /* Authenticator.swift */; };
		261CA7302888B24800C7C09B /* PopupMenu.swift in Sources */ = {isa = PBXBuildFile; fileRef = 261CA72F2888B24800C7C09B /* PopupMenu.swift */; };
		261CA7312888B24800C7C09B /* PopupMenu.swift in Sources */ = {isa = PBXBuildFile; fileRef = 261CA72F2888B24800C7C09B /* PopupMenu.swift */; };
		261CA7332888B2C300C7C09B /* CollectionPickerView.swift in Sources */ = {isa = PBXBuildFile; fileRef = 261CA7322888B2C300C7C09B /* CollectionPickerView.swift */; };
		261CA7342888B2C400C7C09B /* CollectionPickerView.swift in Sources */ = {isa = PBXBuildFile; fileRef = 261CA7322888B2C300C7C09B /* CollectionPickerView.swift */; };
		261CA7362889057000C7C09B /* FineBorder.swift in Sources */ = {isa = PBXBuildFile; fileRef = 261CA7352889057000C7C09B /* FineBorder.swift */; };
		261CA7372889057000C7C09B /* FineBorder.swift in Sources */ = {isa = PBXBuildFile; fileRef = 261CA7352889057000C7C09B /* FineBorder.swift */; };
		261CA73C28892A9200C7C09B /* OrientationWrapper.swift in Sources */ = {isa = PBXBuildFile; fileRef = 261CA73B28892A9200C7C09B /* OrientationWrapper.swift */; };
		261CA73D28892A9200C7C09B /* OrientationWrapper.swift in Sources */ = {isa = PBXBuildFile; fileRef = 261CA73B28892A9200C7C09B /* OrientationWrapper.swift */; };
		261CA742288B0F0300C7C09B /* Networking.swift in Sources */ = {isa = PBXBuildFile; fileRef = 261CA741288B0F0300C7C09B /* Networking.swift */; };
		261CA743288B0F0300C7C09B /* Networking.swift in Sources */ = {isa = PBXBuildFile; fileRef = 261CA741288B0F0300C7C09B /* Networking.swift */; };
		2655D8FC288B59A80023C210 /* AnnouncementsNavigationView.swift in Sources */ = {isa = PBXBuildFile; fileRef = 2655D8FB288B59A80023C210 /* AnnouncementsNavigationView.swift */; };
		2655D8FD288B59A80023C210 /* AnnouncementsNavigationView.swift in Sources */ = {isa = PBXBuildFile; fileRef = 2655D8FB288B59A80023C210 /* AnnouncementsNavigationView.swift */; };
		2655D900288B59CD0023C210 /* AnnouncementsRetriever.swift in Sources */ = {isa = PBXBuildFile; fileRef = 2655D8FF288B59CD0023C210 /* AnnouncementsRetriever.swift */; };
		2655D901288B59CD0023C210 /* AnnouncementsRetriever.swift in Sources */ = {isa = PBXBuildFile; fileRef = 2655D8FF288B59CD0023C210 /* AnnouncementsRetriever.swift */; };
		26CF4AE7288646580017C703 /* Tests_iOS.swift in Sources */ = {isa = PBXBuildFile; fileRef = 26CF4AE6288646580017C703 /* Tests_iOS.swift */; };
		26CF4AE9288646580017C703 /* Tests_iOSLaunchTests.swift in Sources */ = {isa = PBXBuildFile; fileRef = 26CF4AE8288646580017C703 /* Tests_iOSLaunchTests.swift */; };
		26CF4AF3288646590017C703 /* Tests_macOS.swift in Sources */ = {isa = PBXBuildFile; fileRef = 26CF4AF2288646590017C703 /* Tests_macOS.swift */; };
		26CF4AF5288646590017C703 /* Tests_macOSLaunchTests.swift in Sources */ = {isa = PBXBuildFile; fileRef = 26CF4AF4288646590017C703 /* Tests_macOSLaunchTests.swift */; };
		26CF4AF6288646590017C703 /* DukeSakaiApp.swift in Sources */ = {isa = PBXBuildFile; fileRef = 26CF4ACE288646570017C703 /* DukeSakaiApp.swift */; };
		26CF4AF7288646590017C703 /* DukeSakaiApp.swift in Sources */ = {isa = PBXBuildFile; fileRef = 26CF4ACE288646570017C703 /* DukeSakaiApp.swift */; };
		26CF4AF8288646590017C703 /* RootNavigationView.swift in Sources */ = {isa = PBXBuildFile; fileRef = 26CF4ACF288646570017C703 /* RootNavigationView.swift */; };
		26CF4AF9288646590017C703 /* RootNavigationView.swift in Sources */ = {isa = PBXBuildFile; fileRef = 26CF4ACF288646570017C703 /* RootNavigationView.swift */; };
		26CF4AFA288646590017C703 /* Assets.xcassets in Resources */ = {isa = PBXBuildFile; fileRef = 26CF4AD0288646580017C703 /* Assets.xcassets */; };
		26CF4AFB288646590017C703 /* Assets.xcassets in Resources */ = {isa = PBXBuildFile; fileRef = 26CF4AD0288646580017C703 /* Assets.xcassets */; };
		26CF4B0B288646FA0017C703 /* LoginView.swift in Sources */ = {isa = PBXBuildFile; fileRef = 26CF4B0A288646FA0017C703 /* LoginView.swift */; };
		26CF4B0C288646FA0017C703 /* LoginView.swift in Sources */ = {isa = PBXBuildFile; fileRef = 26CF4B0A288646FA0017C703 /* LoginView.swift */; };
		26CF4B11288649500017C703 /* LoginViewController.swift in Sources */ = {isa = PBXBuildFile; fileRef = 26CF4B10288649500017C703 /* LoginViewController.swift */; };
		26CF4B12288649500017C703 /* LoginViewController.swift in Sources */ = {isa = PBXBuildFile; fileRef = 26CF4B10288649500017C703 /* LoginViewController.swift */; };
		26CF4B14288649970017C703 /* ExistingUtils.swift in Sources */ = {isa = PBXBuildFile; fileRef = 26CF4B13288649970017C703 /* ExistingUtils.swift */; };
		26CF4B15288649970017C703 /* ExistingUtils.swift in Sources */ = {isa = PBXBuildFile; fileRef = 26CF4B13288649970017C703 /* ExistingUtils.swift */; };
		26CF4B1728864A630017C703 /* LoginVCWrapper.swift in Sources */ = {isa = PBXBuildFile; fileRef = 26CF4B1628864A630017C703 /* LoginVCWrapper.swift */; };
		26CF4B1828864A630017C703 /* LoginVCWrapper.swift in Sources */ = {isa = PBXBuildFile; fileRef = 26CF4B1628864A630017C703 /* LoginVCWrapper.swift */; };
		26CF4B1E288654D50017C703 /* Course.swift in Sources */ = {isa = PBXBuildFile; fileRef = 26CF4B1D288654D50017C703 /* Course.swift */; };
		26CF4B1F288654D50017C703 /* Course.swift in Sources */ = {isa = PBXBuildFile; fileRef = 26CF4B1D288654D50017C703 /* Course.swift */; };
		26CF4B24288668320017C703 /* HomeTabView.swift in Sources */ = {isa = PBXBuildFile; fileRef = 26CF4B23288668320017C703 /* HomeTabView.swift */; };
		26CF4B25288668320017C703 /* HomeTabView.swift in Sources */ = {isa = PBXBuildFile; fileRef = 26CF4B23288668320017C703 /* HomeTabView.swift */; };
		26CF4B282887236C0017C703 /* ResourcesNavigationView.swift in Sources */ = {isa = PBXBuildFile; fileRef = 26CF4B272887236C0017C703 /* ResourcesNavigationView.swift */; };
		26CF4B292887236C0017C703 /* ResourcesNavigationView.swift in Sources */ = {isa = PBXBuildFile; fileRef = 26CF4B272887236C0017C703 /* ResourcesNavigationView.swift */; };
		26CF4B2B288725210017C703 /* ResourcesRetriever.swift in Sources */ = {isa = PBXBuildFile; fileRef = 26CF4B2A288725210017C703 /* ResourcesRetriever.swift */; };
		26CF4B2C288725210017C703 /* ResourcesRetriever.swift in Sources */ = {isa = PBXBuildFile; fileRef = 26CF4B2A288725210017C703 /* ResourcesRetriever.swift */; };
		26CF4B2E2887343A0017C703 /* PDFViewer.swift in Sources */ = {isa = PBXBuildFile; fileRef = 26CF4B2D2887343A0017C703 /* PDFViewer.swift */; };
		26CF4B2F2887343A0017C703 /* PDFViewer.swift in Sources */ = {isa = PBXBuildFile; fileRef = 26CF4B2D2887343A0017C703 /* PDFViewer.swift */; };
		26CF4B31288736020017C703 /* ResourceDetailView.swift in Sources */ = {isa = PBXBuildFile; fileRef = 26CF4B30288736020017C703 /* ResourceDetailView.swift */; };
		26CF4B32288736020017C703 /* ResourceDetailView.swift in Sources */ = {isa = PBXBuildFile; fileRef = 26CF4B30288736020017C703 /* ResourceDetailView.swift */; };
		26CF4B3428873B240017C703 /* DocumentRetriever.swift in Sources */ = {isa = PBXBuildFile; fileRef = 26CF4B3328873B240017C703 /* DocumentRetriever.swift */; };
		26CF4B3528873B240017C703 /* DocumentRetriever.swift in Sources */ = {isa = PBXBuildFile; fileRef = 26CF4B3328873B240017C703 /* DocumentRetriever.swift */; };
/* End PBXBuildFile section */

/* Begin PBXContainerItemProxy section */
		26CF4AE3288646580017C703 /* PBXContainerItemProxy */ = {
			isa = PBXContainerItemProxy;
			containerPortal = 26CF4AC9288646560017C703 /* Project object */;
			proxyType = 1;
			remoteGlobalIDString = 26CF4AD4288646580017C703;
			remoteInfo = "DukeSakai (iOS)";
		};
		26CF4AEF288646590017C703 /* PBXContainerItemProxy */ = {
			isa = PBXContainerItemProxy;
			containerPortal = 26CF4AC9288646560017C703 /* Project object */;
			proxyType = 1;
			remoteGlobalIDString = 26CF4ADA288646580017C703;
			remoteInfo = "DukeSakai (macOS)";
		};
/* End PBXContainerItemProxy section */

/* Begin PBXFileReference section */
		261CA71A2887A05400C7C09B /* ShareSheet.swift */ = {isa = PBXFileReference; lastKnownFileType = sourcecode.swift; path = ShareSheet.swift; sourceTree = "<group>"; };
		261CA71D2887AA1C00C7C09B /* CustomSheetView.swift */ = {isa = PBXFileReference; lastKnownFileType = sourcecode.swift; path = CustomSheetView.swift; sourceTree = "<group>"; };
		261CA7252888565400C7C09B /* DukeSakai--iOS--Info.plist */ = {isa = PBXFileReference; lastKnownFileType = text.plist; path = "DukeSakai--iOS--Info.plist"; sourceTree = "<group>"; };
		261CA72628885E5100C7C09B /* AuthContentView.swift */ = {isa = PBXFileReference; lastKnownFileType = sourcecode.swift; path = AuthContentView.swift; sourceTree = "<group>"; };
		261CA72928885E9300C7C09B /* DeeplinkManager.swift */ = {isa = PBXFileReference; lastKnownFileType = sourcecode.swift; path = DeeplinkManager.swift; sourceTree = "<group>"; };
		261CA72C288865B000C7C09B /* Authenticator.swift */ = {isa = PBXFileReference; lastKnownFileType = sourcecode.swift; path = Authenticator.swift; sourceTree = "<group>"; };
		261CA72F2888B24800C7C09B /* PopupMenu.swift */ = {isa = PBXFileReference; lastKnownFileType = sourcecode.swift; path = PopupMenu.swift; sourceTree = "<group>"; };
		261CA7322888B2C300C7C09B /* CollectionPickerView.swift */ = {isa = PBXFileReference; lastKnownFileType = sourcecode.swift; path = CollectionPickerView.swift; sourceTree = "<group>"; };
		261CA7352889057000C7C09B /* FineBorder.swift */ = {isa = PBXFileReference; lastKnownFileType = sourcecode.swift; path = FineBorder.swift; sourceTree = "<group>"; };
		261CA73B28892A9200C7C09B /* OrientationWrapper.swift */ = {isa = PBXFileReference; lastKnownFileType = sourcecode.swift; path = OrientationWrapper.swift; sourceTree = "<group>"; };
		261CA741288B0F0300C7C09B /* Networking.swift */ = {isa = PBXFileReference; lastKnownFileType = sourcecode.swift; path = Networking.swift; sourceTree = "<group>"; };
		2655D8FB288B59A80023C210 /* AnnouncementsNavigationView.swift */ = {isa = PBXFileReference; lastKnownFileType = sourcecode.swift; path = AnnouncementsNavigationView.swift; sourceTree = "<group>"; };
		2655D8FF288B59CD0023C210 /* AnnouncementsRetriever.swift */ = {isa = PBXFileReference; lastKnownFileType = sourcecode.swift; path = AnnouncementsRetriever.swift; sourceTree = "<group>"; };
		26CF4ACE288646570017C703 /* DukeSakaiApp.swift */ = {isa = PBXFileReference; lastKnownFileType = sourcecode.swift; path = DukeSakaiApp.swift; sourceTree = "<group>"; };
		26CF4ACF288646570017C703 /* RootNavigationView.swift */ = {isa = PBXFileReference; lastKnownFileType = sourcecode.swift; path = RootNavigationView.swift; sourceTree = "<group>"; };
		26CF4AD0288646580017C703 /* Assets.xcassets */ = {isa = PBXFileReference; lastKnownFileType = folder.assetcatalog; path = Assets.xcassets; sourceTree = "<group>"; };
		26CF4AD5288646580017C703 /* DukeSakai.app */ = {isa = PBXFileReference; explicitFileType = wrapper.application; includeInIndex = 0; path = DukeSakai.app; sourceTree = BUILT_PRODUCTS_DIR; };
		26CF4ADB288646580017C703 /* DukeSakai.app */ = {isa = PBXFileReference; explicitFileType = wrapper.application; includeInIndex = 0; path = DukeSakai.app; sourceTree = BUILT_PRODUCTS_DIR; };
		26CF4ADD288646580017C703 /* macOS.entitlements */ = {isa = PBXFileReference; lastKnownFileType = text.plist.entitlements; path = macOS.entitlements; sourceTree = "<group>"; };
		26CF4AE2288646580017C703 /* Tests iOS.xctest */ = {isa = PBXFileReference; explicitFileType = wrapper.cfbundle; includeInIndex = 0; path = "Tests iOS.xctest"; sourceTree = BUILT_PRODUCTS_DIR; };
		26CF4AE6288646580017C703 /* Tests_iOS.swift */ = {isa = PBXFileReference; lastKnownFileType = sourcecode.swift; path = Tests_iOS.swift; sourceTree = "<group>"; };
		26CF4AE8288646580017C703 /* Tests_iOSLaunchTests.swift */ = {isa = PBXFileReference; lastKnownFileType = sourcecode.swift; path = Tests_iOSLaunchTests.swift; sourceTree = "<group>"; };
		26CF4AEE288646590017C703 /* Tests macOS.xctest */ = {isa = PBXFileReference; explicitFileType = wrapper.cfbundle; includeInIndex = 0; path = "Tests macOS.xctest"; sourceTree = BUILT_PRODUCTS_DIR; };
		26CF4AF2288646590017C703 /* Tests_macOS.swift */ = {isa = PBXFileReference; lastKnownFileType = sourcecode.swift; path = Tests_macOS.swift; sourceTree = "<group>"; };
		26CF4AF4288646590017C703 /* Tests_macOSLaunchTests.swift */ = {isa = PBXFileReference; lastKnownFileType = sourcecode.swift; path = Tests_macOSLaunchTests.swift; sourceTree = "<group>"; };
		26CF4B0A288646FA0017C703 /* LoginView.swift */ = {isa = PBXFileReference; lastKnownFileType = sourcecode.swift; path = LoginView.swift; sourceTree = "<group>"; };
		26CF4B10288649500017C703 /* LoginViewController.swift */ = {isa = PBXFileReference; lastKnownFileType = sourcecode.swift; path = LoginViewController.swift; sourceTree = "<group>"; };
		26CF4B13288649970017C703 /* ExistingUtils.swift */ = {isa = PBXFileReference; lastKnownFileType = sourcecode.swift; path = ExistingUtils.swift; sourceTree = "<group>"; };
		26CF4B1628864A630017C703 /* LoginVCWrapper.swift */ = {isa = PBXFileReference; lastKnownFileType = sourcecode.swift; path = LoginVCWrapper.swift; sourceTree = "<group>"; };
		26CF4B1D288654D50017C703 /* Course.swift */ = {isa = PBXFileReference; lastKnownFileType = sourcecode.swift; path = Course.swift; sourceTree = "<group>"; };
		26CF4B23288668320017C703 /* HomeTabView.swift */ = {isa = PBXFileReference; lastKnownFileType = sourcecode.swift; path = HomeTabView.swift; sourceTree = "<group>"; };
		26CF4B272887236C0017C703 /* ResourcesNavigationView.swift */ = {isa = PBXFileReference; lastKnownFileType = sourcecode.swift; path = ResourcesNavigationView.swift; sourceTree = "<group>"; };
		26CF4B2A288725210017C703 /* ResourcesRetriever.swift */ = {isa = PBXFileReference; lastKnownFileType = sourcecode.swift; path = ResourcesRetriever.swift; sourceTree = "<group>"; };
		26CF4B2D2887343A0017C703 /* PDFViewer.swift */ = {isa = PBXFileReference; lastKnownFileType = sourcecode.swift; path = PDFViewer.swift; sourceTree = "<group>"; };
		26CF4B30288736020017C703 /* ResourceDetailView.swift */ = {isa = PBXFileReference; lastKnownFileType = sourcecode.swift; path = ResourceDetailView.swift; sourceTree = "<group>"; };
		26CF4B3328873B240017C703 /* DocumentRetriever.swift */ = {isa = PBXFileReference; lastKnownFileType = sourcecode.swift; path = DocumentRetriever.swift; sourceTree = "<group>"; };
/* End PBXFileReference section */

/* Begin PBXFrameworksBuildPhase section */
		26CF4AD2288646580017C703 /* Frameworks */ = {
			isa = PBXFrameworksBuildPhase;
			buildActionMask = 2147483647;
			files = (
			);
			runOnlyForDeploymentPostprocessing = 0;
		};
		26CF4AD8288646580017C703 /* Frameworks */ = {
			isa = PBXFrameworksBuildPhase;
			buildActionMask = 2147483647;
			files = (
			);
			runOnlyForDeploymentPostprocessing = 0;
		};
		26CF4ADF288646580017C703 /* Frameworks */ = {
			isa = PBXFrameworksBuildPhase;
			buildActionMask = 2147483647;
			files = (
			);
			runOnlyForDeploymentPostprocessing = 0;
		};
		26CF4AEB288646590017C703 /* Frameworks */ = {
			isa = PBXFrameworksBuildPhase;
			buildActionMask = 2147483647;
			files = (
			);
			runOnlyForDeploymentPostprocessing = 0;
		};
/* End PBXFrameworksBuildPhase section */

/* Begin PBXGroup section */
		261CA7202887B32800C7C09B /* ReuseableUIElements */ = {
			isa = PBXGroup;
			children = (
				261CA72F2888B24800C7C09B /* PopupMenu.swift */,
				261CA71D2887AA1C00C7C09B /* CustomSheetView.swift */,
				261CA7352889057000C7C09B /* FineBorder.swift */,
				261CA73B28892A9200C7C09B /* OrientationWrapper.swift */,
			);
			path = ReuseableUIElements;
			sourceTree = "<group>";
		};
		261CA7242888554500C7C09B /* OAuth Login */ = {
			isa = PBXGroup;
			children = (
				261CA72628885E5100C7C09B /* AuthContentView.swift */,
				261CA72928885E9300C7C09B /* DeeplinkManager.swift */,
				261CA72C288865B000C7C09B /* Authenticator.swift */,
			);
			path = "OAuth Login";
			sourceTree = "<group>";
		};
		261CA73E288B0E5A00C7C09B /* Utils */ = {
			isa = PBXGroup;
			children = (
				261CA741288B0F0300C7C09B /* Networking.swift */,
				26CF4B13288649970017C703 /* ExistingUtils.swift */,
				261CA7202887B32800C7C09B /* ReuseableUIElements */,
			);
			path = Utils;
			sourceTree = "<group>";
		};
		261CA73F288B0E9A00C7C09B /* Existing Login */ = {
			isa = PBXGroup;
			children = (
				26CF4B0A288646FA0017C703 /* LoginView.swift */,
				26CF4B10288649500017C703 /* LoginViewController.swift */,
				26CF4B1628864A630017C703 /* LoginVCWrapper.swift */,
			);
			path = "Existing Login";
			sourceTree = "<group>";
		};
		2655D8FE288B59B00023C210 /* Announcements */ = {
			isa = PBXGroup;
			children = (
				2655D8FB288B59A80023C210 /* AnnouncementsNavigationView.swift */,
				2655D8FF288B59CD0023C210 /* AnnouncementsRetriever.swift */,
			);
			path = Announcements;
			sourceTree = "<group>";
		};
		26CF4AC8288646560017C703 = {
			isa = PBXGroup;
			children = (
				261CA7252888565400C7C09B /* DukeSakai--iOS--Info.plist */,
				26CF4ACD288646570017C703 /* Shared */,
				26CF4ADC288646580017C703 /* macOS */,
				26CF4AE5288646580017C703 /* Tests iOS */,
				26CF4AF1288646590017C703 /* Tests macOS */,
				26CF4AD6288646580017C703 /* Products */,
			);
			sourceTree = "<group>";
		};
		26CF4ACD288646570017C703 /* Shared */ = {
			isa = PBXGroup;
			children = (
				26CF4ACE288646570017C703 /* DukeSakaiApp.swift */,
				26CF4ACF288646570017C703 /* RootNavigationView.swift */,
				26CF4B23288668320017C703 /* HomeTabView.swift */,
				261CA7322888B2C300C7C09B /* CollectionPickerView.swift */,
				261CA7242888554500C7C09B /* OAuth Login */,
				261CA73F288B0E9A00C7C09B /* Existing Login */,
				2655D8FE288B59B00023C210 /* Announcements */,
				26CF4B26288723590017C703 /* Resources */,
				261CA73E288B0E5A00C7C09B /* Utils */,
				26CF4B1C288654C30017C703 /* Spec */,
				26CF4AD0288646580017C703 /* Assets.xcassets */,
			);
			path = Shared;
			sourceTree = "<group>";
		};
		26CF4AD6288646580017C703 /* Products */ = {
			isa = PBXGroup;
			children = (
				26CF4AD5288646580017C703 /* DukeSakai.app */,
				26CF4ADB288646580017C703 /* DukeSakai.app */,
				26CF4AE2288646580017C703 /* Tests iOS.xctest */,
				26CF4AEE288646590017C703 /* Tests macOS.xctest */,
			);
			name = Products;
			sourceTree = "<group>";
		};
		26CF4ADC288646580017C703 /* macOS */ = {
			isa = PBXGroup;
			children = (
				26CF4ADD288646580017C703 /* macOS.entitlements */,
			);
			path = macOS;
			sourceTree = "<group>";
		};
		26CF4AE5288646580017C703 /* Tests iOS */ = {
			isa = PBXGroup;
			children = (
				26CF4AE6288646580017C703 /* Tests_iOS.swift */,
				26CF4AE8288646580017C703 /* Tests_iOSLaunchTests.swift */,
			);
			path = "Tests iOS";
			sourceTree = "<group>";
		};
		26CF4AF1288646590017C703 /* Tests macOS */ = {
			isa = PBXGroup;
			children = (
				26CF4AF2288646590017C703 /* Tests_macOS.swift */,
				26CF4AF4288646590017C703 /* Tests_macOSLaunchTests.swift */,
			);
			path = "Tests macOS";
			sourceTree = "<group>";
		};
		26CF4B1C288654C30017C703 /* Spec */ = {
			isa = PBXGroup;
			children = (
				26CF4B1D288654D50017C703 /* Course.swift */,
			);
			path = Spec;
			sourceTree = "<group>";
		};
		26CF4B26288723590017C703 /* Resources */ = {
			isa = PBXGroup;
			children = (
				26CF4B272887236C0017C703 /* ResourcesNavigationView.swift */,
				26CF4B2A288725210017C703 /* ResourcesRetriever.swift */,
				26CF4B2D2887343A0017C703 /* PDFViewer.swift */,
				26CF4B30288736020017C703 /* ResourceDetailView.swift */,
				26CF4B3328873B240017C703 /* DocumentRetriever.swift */,
				261CA71A2887A05400C7C09B /* ShareSheet.swift */,
			);
			path = Resources;
			sourceTree = "<group>";
		};
/* End PBXGroup section */

/* Begin PBXNativeTarget section */
		26CF4AD4288646580017C703 /* DukeSakai (iOS) */ = {
			isa = PBXNativeTarget;
			buildConfigurationList = 26CF4AFE288646590017C703 /* Build configuration list for PBXNativeTarget "DukeSakai (iOS)" */;
			buildPhases = (
				26CF4AD1288646580017C703 /* Sources */,
				26CF4AD2288646580017C703 /* Frameworks */,
				26CF4AD3288646580017C703 /* Resources */,
			);
			buildRules = (
			);
			dependencies = (
			);
			name = "DukeSakai (iOS)";
			productName = "DukeSakai (iOS)";
			productReference = 26CF4AD5288646580017C703 /* DukeSakai.app */;
			productType = "com.apple.product-type.application";
		};
		26CF4ADA288646580017C703 /* DukeSakai (macOS) */ = {
			isa = PBXNativeTarget;
			buildConfigurationList = 26CF4B01288646590017C703 /* Build configuration list for PBXNativeTarget "DukeSakai (macOS)" */;
			buildPhases = (
				26CF4AD7288646580017C703 /* Sources */,
				26CF4AD8288646580017C703 /* Frameworks */,
				26CF4AD9288646580017C703 /* Resources */,
			);
			buildRules = (
			);
			dependencies = (
			);
			name = "DukeSakai (macOS)";
			productName = "DukeSakai (macOS)";
			productReference = 26CF4ADB288646580017C703 /* DukeSakai.app */;
			productType = "com.apple.product-type.application";
		};
		26CF4AE1288646580017C703 /* Tests iOS */ = {
			isa = PBXNativeTarget;
			buildConfigurationList = 26CF4B04288646590017C703 /* Build configuration list for PBXNativeTarget "Tests iOS" */;
			buildPhases = (
				26CF4ADE288646580017C703 /* Sources */,
				26CF4ADF288646580017C703 /* Frameworks */,
				26CF4AE0288646580017C703 /* Resources */,
			);
			buildRules = (
			);
			dependencies = (
				26CF4AE4288646580017C703 /* PBXTargetDependency */,
			);
			name = "Tests iOS";
			productName = "Tests iOS";
			productReference = 26CF4AE2288646580017C703 /* Tests iOS.xctest */;
			productType = "com.apple.product-type.bundle.ui-testing";
		};
		26CF4AED288646590017C703 /* Tests macOS */ = {
			isa = PBXNativeTarget;
			buildConfigurationList = 26CF4B07288646590017C703 /* Build configuration list for PBXNativeTarget "Tests macOS" */;
			buildPhases = (
				26CF4AEA288646590017C703 /* Sources */,
				26CF4AEB288646590017C703 /* Frameworks */,
				26CF4AEC288646590017C703 /* Resources */,
			);
			buildRules = (
			);
			dependencies = (
				26CF4AF0288646590017C703 /* PBXTargetDependency */,
			);
			name = "Tests macOS";
			productName = "Tests macOS";
			productReference = 26CF4AEE288646590017C703 /* Tests macOS.xctest */;
			productType = "com.apple.product-type.bundle.ui-testing";
		};
/* End PBXNativeTarget section */

/* Begin PBXProject section */
		26CF4AC9288646560017C703 /* Project object */ = {
			isa = PBXProject;
			attributes = {
				BuildIndependentTargetsInParallel = 1;
				LastSwiftUpdateCheck = 1340;
				LastUpgradeCheck = 1340;
				TargetAttributes = {
					26CF4AD4288646580017C703 = {
						CreatedOnToolsVersion = 13.4.1;
					};
					26CF4ADA288646580017C703 = {
						CreatedOnToolsVersion = 13.4.1;
					};
					26CF4AE1288646580017C703 = {
						CreatedOnToolsVersion = 13.4.1;
						TestTargetID = 26CF4AD4288646580017C703;
					};
					26CF4AED288646590017C703 = {
						CreatedOnToolsVersion = 13.4.1;
						TestTargetID = 26CF4ADA288646580017C703;
					};
				};
			};
			buildConfigurationList = 26CF4ACC288646560017C703 /* Build configuration list for PBXProject "DukeSakai" */;
			compatibilityVersion = "Xcode 13.0";
			developmentRegion = en;
			hasScannedForEncodings = 0;
			knownRegions = (
				en,
				Base,
			);
			mainGroup = 26CF4AC8288646560017C703;
			productRefGroup = 26CF4AD6288646580017C703 /* Products */;
			projectDirPath = "";
			projectRoot = "";
			targets = (
				26CF4AD4288646580017C703 /* DukeSakai (iOS) */,
				26CF4ADA288646580017C703 /* DukeSakai (macOS) */,
				26CF4AE1288646580017C703 /* Tests iOS */,
				26CF4AED288646590017C703 /* Tests macOS */,
			);
		};
/* End PBXProject section */

/* Begin PBXResourcesBuildPhase section */
		26CF4AD3288646580017C703 /* Resources */ = {
			isa = PBXResourcesBuildPhase;
			buildActionMask = 2147483647;
			files = (
				26CF4AFA288646590017C703 /* Assets.xcassets in Resources */,
			);
			runOnlyForDeploymentPostprocessing = 0;
		};
		26CF4AD9288646580017C703 /* Resources */ = {
			isa = PBXResourcesBuildPhase;
			buildActionMask = 2147483647;
			files = (
				26CF4AFB288646590017C703 /* Assets.xcassets in Resources */,
			);
			runOnlyForDeploymentPostprocessing = 0;
		};
		26CF4AE0288646580017C703 /* Resources */ = {
			isa = PBXResourcesBuildPhase;
			buildActionMask = 2147483647;
			files = (
			);
			runOnlyForDeploymentPostprocessing = 0;
		};
		26CF4AEC288646590017C703 /* Resources */ = {
			isa = PBXResourcesBuildPhase;
			buildActionMask = 2147483647;
			files = (
			);
			runOnlyForDeploymentPostprocessing = 0;
		};
/* End PBXResourcesBuildPhase section */

/* Begin PBXSourcesBuildPhase section */
		26CF4AD1288646580017C703 /* Sources */ = {
			isa = PBXSourcesBuildPhase;
			buildActionMask = 2147483647;
			files = (
				26CF4B1E288654D50017C703 /* Course.swift in Sources */,
				26CF4B0B288646FA0017C703 /* LoginView.swift in Sources */,
				26CF4B2E2887343A0017C703 /* PDFViewer.swift in Sources */,
				26CF4B282887236C0017C703 /* ResourcesNavigationView.swift in Sources */,
				261CA72D288865B000C7C09B /* Authenticator.swift in Sources */,
				261CA7332888B2C300C7C09B /* CollectionPickerView.swift in Sources */,
				26CF4B31288736020017C703 /* ResourceDetailView.swift in Sources */,
				261CA742288B0F0300C7C09B /* Networking.swift in Sources */,
				261CA73C28892A9200C7C09B /* OrientationWrapper.swift in Sources */,
				26CF4AF8288646590017C703 /* RootNavigationView.swift in Sources */,
				261CA7302888B24800C7C09B /* PopupMenu.swift in Sources */,
				261CA71B2887A05400C7C09B /* ShareSheet.swift in Sources */,
				26CF4B11288649500017C703 /* LoginViewController.swift in Sources */,
				26CF4AF6288646590017C703 /* DukeSakaiApp.swift in Sources */,
				26CF4B14288649970017C703 /* ExistingUtils.swift in Sources */,
				26CF4B3428873B240017C703 /* DocumentRetriever.swift in Sources */,
				261CA72728885E5100C7C09B /* AuthContentView.swift in Sources */,
				26CF4B24288668320017C703 /* HomeTabView.swift in Sources */,
				26CF4B1728864A630017C703 /* LoginVCWrapper.swift in Sources */,
				2655D900288B59CD0023C210 /* AnnouncementsRetriever.swift in Sources */,
				26CF4B2B288725210017C703 /* ResourcesRetriever.swift in Sources */,
				261CA7362889057000C7C09B /* FineBorder.swift in Sources */,
				261CA72A28885E9300C7C09B /* DeeplinkManager.swift in Sources */,
				261CA71E2887AA1C00C7C09B /* CustomSheetView.swift in Sources */,
				2655D8FC288B59A80023C210 /* AnnouncementsNavigationView.swift in Sources */,
			);
			runOnlyForDeploymentPostprocessing = 0;
		};
		26CF4AD7288646580017C703 /* Sources */ = {
			isa = PBXSourcesBuildPhase;
			buildActionMask = 2147483647;
			files = (
				26CF4B1F288654D50017C703 /* Course.swift in Sources */,
				26CF4B0C288646FA0017C703 /* LoginView.swift in Sources */,
				26CF4B2F2887343A0017C703 /* PDFViewer.swift in Sources */,
				26CF4B292887236C0017C703 /* ResourcesNavigationView.swift in Sources */,
				261CA72E288865B000C7C09B /* Authenticator.swift in Sources */,
				261CA7342888B2C400C7C09B /* CollectionPickerView.swift in Sources */,
				26CF4B32288736020017C703 /* ResourceDetailView.swift in Sources */,
				261CA743288B0F0300C7C09B /* Networking.swift in Sources */,
				261CA73D28892A9200C7C09B /* OrientationWrapper.swift in Sources */,
				26CF4AF9288646590017C703 /* RootNavigationView.swift in Sources */,
				261CA7312888B24800C7C09B /* PopupMenu.swift in Sources */,
				261CA71C2887A05400C7C09B /* ShareSheet.swift in Sources */,
				26CF4B12288649500017C703 /* LoginViewController.swift in Sources */,
				26CF4AF7288646590017C703 /* DukeSakaiApp.swift in Sources */,
				26CF4B15288649970017C703 /* ExistingUtils.swift in Sources */,
				26CF4B3528873B240017C703 /* DocumentRetriever.swift in Sources */,
				261CA72828885E5100C7C09B /* AuthContentView.swift in Sources */,
				26CF4B25288668320017C703 /* HomeTabView.swift in Sources */,
				26CF4B1828864A630017C703 /* LoginVCWrapper.swift in Sources */,
				2655D901288B59CD0023C210 /* AnnouncementsRetriever.swift in Sources */,
				26CF4B2C288725210017C703 /* ResourcesRetriever.swift in Sources */,
				261CA7372889057000C7C09B /* FineBorder.swift in Sources */,
				261CA72B28885E9300C7C09B /* DeeplinkManager.swift in Sources */,
				261CA71F2887AA1C00C7C09B /* CustomSheetView.swift in Sources */,
				2655D8FD288B59A80023C210 /* AnnouncementsNavigationView.swift in Sources */,
			);
			runOnlyForDeploymentPostprocessing = 0;
		};
		26CF4ADE288646580017C703 /* Sources */ = {
			isa = PBXSourcesBuildPhase;
			buildActionMask = 2147483647;
			files = (
				26CF4AE9288646580017C703 /* Tests_iOSLaunchTests.swift in Sources */,
				26CF4AE7288646580017C703 /* Tests_iOS.swift in Sources */,
			);
			runOnlyForDeploymentPostprocessing = 0;
		};
		26CF4AEA288646590017C703 /* Sources */ = {
			isa = PBXSourcesBuildPhase;
			buildActionMask = 2147483647;
			files = (
				26CF4AF5288646590017C703 /* Tests_macOSLaunchTests.swift in Sources */,
				26CF4AF3288646590017C703 /* Tests_macOS.swift in Sources */,
			);
			runOnlyForDeploymentPostprocessing = 0;
		};
/* End PBXSourcesBuildPhase section */

/* Begin PBXTargetDependency section */
		26CF4AE4288646580017C703 /* PBXTargetDependency */ = {
			isa = PBXTargetDependency;
			target = 26CF4AD4288646580017C703 /* DukeSakai (iOS) */;
			targetProxy = 26CF4AE3288646580017C703 /* PBXContainerItemProxy */;
		};
		26CF4AF0288646590017C703 /* PBXTargetDependency */ = {
			isa = PBXTargetDependency;
			target = 26CF4ADA288646580017C703 /* DukeSakai (macOS) */;
			targetProxy = 26CF4AEF288646590017C703 /* PBXContainerItemProxy */;
		};
/* End PBXTargetDependency section */

/* Begin XCBuildConfiguration section */
		26CF4AFC288646590017C703 /* Debug */ = {
			isa = XCBuildConfiguration;
			buildSettings = {
				ALWAYS_SEARCH_USER_PATHS = NO;
				CLANG_ANALYZER_NONNULL = YES;
				CLANG_ANALYZER_NUMBER_OBJECT_CONVERSION = YES_AGGRESSIVE;
				CLANG_CXX_LANGUAGE_STANDARD = "gnu++17";
				CLANG_ENABLE_MODULES = YES;
				CLANG_ENABLE_OBJC_ARC = YES;
				CLANG_ENABLE_OBJC_WEAK = YES;
				CLANG_WARN_BLOCK_CAPTURE_AUTORELEASING = YES;
				CLANG_WARN_BOOL_CONVERSION = YES;
				CLANG_WARN_COMMA = YES;
				CLANG_WARN_CONSTANT_CONVERSION = YES;
				CLANG_WARN_DEPRECATED_OBJC_IMPLEMENTATIONS = YES;
				CLANG_WARN_DIRECT_OBJC_ISA_USAGE = YES_ERROR;
				CLANG_WARN_DOCUMENTATION_COMMENTS = YES;
				CLANG_WARN_EMPTY_BODY = YES;
				CLANG_WARN_ENUM_CONVERSION = YES;
				CLANG_WARN_INFINITE_RECURSION = YES;
				CLANG_WARN_INT_CONVERSION = YES;
				CLANG_WARN_NON_LITERAL_NULL_CONVERSION = YES;
				CLANG_WARN_OBJC_IMPLICIT_RETAIN_SELF = YES;
				CLANG_WARN_OBJC_LITERAL_CONVERSION = YES;
				CLANG_WARN_OBJC_ROOT_CLASS = YES_ERROR;
				CLANG_WARN_QUOTED_INCLUDE_IN_FRAMEWORK_HEADER = YES;
				CLANG_WARN_RANGE_LOOP_ANALYSIS = YES;
				CLANG_WARN_STRICT_PROTOTYPES = YES;
				CLANG_WARN_SUSPICIOUS_MOVE = YES;
				CLANG_WARN_UNGUARDED_AVAILABILITY = YES_AGGRESSIVE;
				CLANG_WARN_UNREACHABLE_CODE = YES;
				CLANG_WARN__DUPLICATE_METHOD_MATCH = YES;
				COPY_PHASE_STRIP = NO;
				DEBUG_INFORMATION_FORMAT = dwarf;
				ENABLE_STRICT_OBJC_MSGSEND = YES;
				ENABLE_TESTABILITY = YES;
				GCC_C_LANGUAGE_STANDARD = gnu11;
				GCC_DYNAMIC_NO_PIC = NO;
				GCC_NO_COMMON_BLOCKS = YES;
				GCC_OPTIMIZATION_LEVEL = 0;
				GCC_PREPROCESSOR_DEFINITIONS = (
					"DEBUG=1",
					"$(inherited)",
				);
				GCC_WARN_64_TO_32_BIT_CONVERSION = YES;
				GCC_WARN_ABOUT_RETURN_TYPE = YES_ERROR;
				GCC_WARN_UNDECLARED_SELECTOR = YES;
				GCC_WARN_UNINITIALIZED_AUTOS = YES_AGGRESSIVE;
				GCC_WARN_UNUSED_FUNCTION = YES;
				GCC_WARN_UNUSED_VARIABLE = YES;
				MTL_ENABLE_DEBUG_INFO = INCLUDE_SOURCE;
				MTL_FAST_MATH = YES;
				ONLY_ACTIVE_ARCH = YES;
				SWIFT_ACTIVE_COMPILATION_CONDITIONS = DEBUG;
				SWIFT_OPTIMIZATION_LEVEL = "-Onone";
			};
			name = Debug;
		};
		26CF4AFD288646590017C703 /* Release */ = {
			isa = XCBuildConfiguration;
			buildSettings = {
				ALWAYS_SEARCH_USER_PATHS = NO;
				CLANG_ANALYZER_NONNULL = YES;
				CLANG_ANALYZER_NUMBER_OBJECT_CONVERSION = YES_AGGRESSIVE;
				CLANG_CXX_LANGUAGE_STANDARD = "gnu++17";
				CLANG_ENABLE_MODULES = YES;
				CLANG_ENABLE_OBJC_ARC = YES;
				CLANG_ENABLE_OBJC_WEAK = YES;
				CLANG_WARN_BLOCK_CAPTURE_AUTORELEASING = YES;
				CLANG_WARN_BOOL_CONVERSION = YES;
				CLANG_WARN_COMMA = YES;
				CLANG_WARN_CONSTANT_CONVERSION = YES;
				CLANG_WARN_DEPRECATED_OBJC_IMPLEMENTATIONS = YES;
				CLANG_WARN_DIRECT_OBJC_ISA_USAGE = YES_ERROR;
				CLANG_WARN_DOCUMENTATION_COMMENTS = YES;
				CLANG_WARN_EMPTY_BODY = YES;
				CLANG_WARN_ENUM_CONVERSION = YES;
				CLANG_WARN_INFINITE_RECURSION = YES;
				CLANG_WARN_INT_CONVERSION = YES;
				CLANG_WARN_NON_LITERAL_NULL_CONVERSION = YES;
				CLANG_WARN_OBJC_IMPLICIT_RETAIN_SELF = YES;
				CLANG_WARN_OBJC_LITERAL_CONVERSION = YES;
				CLANG_WARN_OBJC_ROOT_CLASS = YES_ERROR;
				CLANG_WARN_QUOTED_INCLUDE_IN_FRAMEWORK_HEADER = YES;
				CLANG_WARN_RANGE_LOOP_ANALYSIS = YES;
				CLANG_WARN_STRICT_PROTOTYPES = YES;
				CLANG_WARN_SUSPICIOUS_MOVE = YES;
				CLANG_WARN_UNGUARDED_AVAILABILITY = YES_AGGRESSIVE;
				CLANG_WARN_UNREACHABLE_CODE = YES;
				CLANG_WARN__DUPLICATE_METHOD_MATCH = YES;
				COPY_PHASE_STRIP = NO;
				DEBUG_INFORMATION_FORMAT = "dwarf-with-dsym";
				ENABLE_NS_ASSERTIONS = NO;
				ENABLE_STRICT_OBJC_MSGSEND = YES;
				GCC_C_LANGUAGE_STANDARD = gnu11;
				GCC_NO_COMMON_BLOCKS = YES;
				GCC_WARN_64_TO_32_BIT_CONVERSION = YES;
				GCC_WARN_ABOUT_RETURN_TYPE = YES_ERROR;
				GCC_WARN_UNDECLARED_SELECTOR = YES;
				GCC_WARN_UNINITIALIZED_AUTOS = YES_AGGRESSIVE;
				GCC_WARN_UNUSED_FUNCTION = YES;
				GCC_WARN_UNUSED_VARIABLE = YES;
				MTL_ENABLE_DEBUG_INFO = NO;
				MTL_FAST_MATH = YES;
				SWIFT_COMPILATION_MODE = wholemodule;
				SWIFT_OPTIMIZATION_LEVEL = "-O";
			};
			name = Release;
		};
		26CF4AFF288646590017C703 /* Debug */ = {
			isa = XCBuildConfiguration;
			buildSettings = {
				ASSETCATALOG_COMPILER_APPICON_NAME = AppIcon;
				ASSETCATALOG_COMPILER_GLOBAL_ACCENT_COLOR_NAME = AccentColor;
				CODE_SIGN_STYLE = Automatic;
				CURRENT_PROJECT_VERSION = 1;
				DEVELOPMENT_TEAM = XU8E27A586;
				ENABLE_PREVIEWS = YES;
				GENERATE_INFOPLIST_FILE = YES;
				INFOPLIST_FILE = "DukeSakai--iOS--Info.plist";
				INFOPLIST_KEY_UIApplicationSceneManifest_Generation = YES;
				INFOPLIST_KEY_UIApplicationSupportsIndirectInputEvents = YES;
				INFOPLIST_KEY_UILaunchScreen_Generation = YES;
				INFOPLIST_KEY_UISupportedInterfaceOrientations_iPad = "UIInterfaceOrientationPortrait UIInterfaceOrientationPortraitUpsideDown UIInterfaceOrientationLandscapeLeft UIInterfaceOrientationLandscapeRight";
				INFOPLIST_KEY_UISupportedInterfaceOrientations_iPhone = "UIInterfaceOrientationPortrait UIInterfaceOrientationLandscapeLeft UIInterfaceOrientationLandscapeRight";
				IPHONEOS_DEPLOYMENT_TARGET = 15.5;
				LD_RUNPATH_SEARCH_PATHS = (
					"$(inherited)",
					"@executable_path/Frameworks",
				);
				MARKETING_VERSION = 1.0;
				PRODUCT_BUNDLE_IDENTIFIER = com.lukeredmore.DukeSakai;
				PRODUCT_NAME = DukeSakai;
				SDKROOT = iphoneos;
				SWIFT_EMIT_LOC_STRINGS = YES;
				SWIFT_VERSION = 5.0;
				TARGETED_DEVICE_FAMILY = "1,2";
			};
			name = Debug;
		};
		26CF4B00288646590017C703 /* Release */ = {
			isa = XCBuildConfiguration;
			buildSettings = {
				ASSETCATALOG_COMPILER_APPICON_NAME = AppIcon;
				ASSETCATALOG_COMPILER_GLOBAL_ACCENT_COLOR_NAME = AccentColor;
				CODE_SIGN_STYLE = Automatic;
				CURRENT_PROJECT_VERSION = 1;
				DEVELOPMENT_TEAM = XU8E27A586;
				ENABLE_PREVIEWS = YES;
				GENERATE_INFOPLIST_FILE = YES;
				INFOPLIST_FILE = "DukeSakai--iOS--Info.plist";
				INFOPLIST_KEY_UIApplicationSceneManifest_Generation = YES;
				INFOPLIST_KEY_UIApplicationSupportsIndirectInputEvents = YES;
				INFOPLIST_KEY_UILaunchScreen_Generation = YES;
				INFOPLIST_KEY_UISupportedInterfaceOrientations_iPad = "UIInterfaceOrientationPortrait UIInterfaceOrientationPortraitUpsideDown UIInterfaceOrientationLandscapeLeft UIInterfaceOrientationLandscapeRight";
				INFOPLIST_KEY_UISupportedInterfaceOrientations_iPhone = "UIInterfaceOrientationPortrait UIInterfaceOrientationLandscapeLeft UIInterfaceOrientationLandscapeRight";
				IPHONEOS_DEPLOYMENT_TARGET = 15.5;
				LD_RUNPATH_SEARCH_PATHS = (
					"$(inherited)",
					"@executable_path/Frameworks",
				);
				MARKETING_VERSION = 1.0;
				PRODUCT_BUNDLE_IDENTIFIER = com.lukeredmore.DukeSakai;
				PRODUCT_NAME = DukeSakai;
				SDKROOT = iphoneos;
				SWIFT_EMIT_LOC_STRINGS = YES;
				SWIFT_VERSION = 5.0;
				TARGETED_DEVICE_FAMILY = "1,2";
				VALIDATE_PRODUCT = YES;
			};
			name = Release;
		};
		26CF4B02288646590017C703 /* Debug */ = {
			isa = XCBuildConfiguration;
			buildSettings = {
				ASSETCATALOG_COMPILER_APPICON_NAME = AppIcon;
				ASSETCATALOG_COMPILER_GLOBAL_ACCENT_COLOR_NAME = AccentColor;
				CODE_SIGN_ENTITLEMENTS = macOS/macOS.entitlements;
				CODE_SIGN_STYLE = Automatic;
				COMBINE_HIDPI_IMAGES = YES;
				CURRENT_PROJECT_VERSION = 1;
				DEVELOPMENT_TEAM = XU8E27A586;
				ENABLE_HARDENED_RUNTIME = YES;
				ENABLE_PREVIEWS = YES;
				GENERATE_INFOPLIST_FILE = YES;
				INFOPLIST_KEY_NSHumanReadableCopyright = "";
				LD_RUNPATH_SEARCH_PATHS = (
					"$(inherited)",
					"@executable_path/../Frameworks",
				);
				MACOSX_DEPLOYMENT_TARGET = 12.3;
				MARKETING_VERSION = 1.0;
				PRODUCT_BUNDLE_IDENTIFIER = com.lukeredmore.DukeSakai;
				PRODUCT_NAME = DukeSakai;
				SDKROOT = macosx;
				SWIFT_EMIT_LOC_STRINGS = YES;
				SWIFT_VERSION = 5.0;
			};
			name = Debug;
		};
		26CF4B03288646590017C703 /* Release */ = {
			isa = XCBuildConfiguration;
			buildSettings = {
				ASSETCATALOG_COMPILER_APPICON_NAME = AppIcon;
				ASSETCATALOG_COMPILER_GLOBAL_ACCENT_COLOR_NAME = AccentColor;
				CODE_SIGN_ENTITLEMENTS = macOS/macOS.entitlements;
				CODE_SIGN_STYLE = Automatic;
				COMBINE_HIDPI_IMAGES = YES;
				CURRENT_PROJECT_VERSION = 1;
				DEVELOPMENT_TEAM = XU8E27A586;
				ENABLE_HARDENED_RUNTIME = YES;
				ENABLE_PREVIEWS = YES;
				GENERATE_INFOPLIST_FILE = YES;
				INFOPLIST_KEY_NSHumanReadableCopyright = "";
				LD_RUNPATH_SEARCH_PATHS = (
					"$(inherited)",
					"@executable_path/../Frameworks",
				);
				MACOSX_DEPLOYMENT_TARGET = 12.3;
				MARKETING_VERSION = 1.0;
				PRODUCT_BUNDLE_IDENTIFIER = com.lukeredmore.DukeSakai;
				PRODUCT_NAME = DukeSakai;
				SDKROOT = macosx;
				SWIFT_EMIT_LOC_STRINGS = YES;
				SWIFT_VERSION = 5.0;
			};
			name = Release;
		};
		26CF4B05288646590017C703 /* Debug */ = {
			isa = XCBuildConfiguration;
			buildSettings = {
				ALWAYS_EMBED_SWIFT_STANDARD_LIBRARIES = YES;
				CODE_SIGN_STYLE = Automatic;
				CURRENT_PROJECT_VERSION = 1;
				DEVELOPMENT_TEAM = XU8E27A586;
				GENERATE_INFOPLIST_FILE = YES;
				IPHONEOS_DEPLOYMENT_TARGET = 15.5;
				MARKETING_VERSION = 1.0;
				PRODUCT_BUNDLE_IDENTIFIER = "com.lukeredmore.Tests-iOS";
				PRODUCT_NAME = "$(TARGET_NAME)";
				SDKROOT = iphoneos;
				SWIFT_EMIT_LOC_STRINGS = NO;
				SWIFT_VERSION = 5.0;
				TARGETED_DEVICE_FAMILY = "1,2";
				TEST_TARGET_NAME = "DukeSakai (iOS)";
			};
			name = Debug;
		};
		26CF4B06288646590017C703 /* Release */ = {
			isa = XCBuildConfiguration;
			buildSettings = {
				ALWAYS_EMBED_SWIFT_STANDARD_LIBRARIES = YES;
				CODE_SIGN_STYLE = Automatic;
				CURRENT_PROJECT_VERSION = 1;
				DEVELOPMENT_TEAM = XU8E27A586;
				GENERATE_INFOPLIST_FILE = YES;
				IPHONEOS_DEPLOYMENT_TARGET = 15.5;
				MARKETING_VERSION = 1.0;
				PRODUCT_BUNDLE_IDENTIFIER = "com.lukeredmore.Tests-iOS";
				PRODUCT_NAME = "$(TARGET_NAME)";
				SDKROOT = iphoneos;
				SWIFT_EMIT_LOC_STRINGS = NO;
				SWIFT_VERSION = 5.0;
				TARGETED_DEVICE_FAMILY = "1,2";
				TEST_TARGET_NAME = "DukeSakai (iOS)";
				VALIDATE_PRODUCT = YES;
			};
			name = Release;
		};
		26CF4B08288646590017C703 /* Debug */ = {
			isa = XCBuildConfiguration;
			buildSettings = {
				ALWAYS_EMBED_SWIFT_STANDARD_LIBRARIES = YES;
				CODE_SIGN_STYLE = Automatic;
				CURRENT_PROJECT_VERSION = 1;
				DEVELOPMENT_TEAM = XU8E27A586;
				GENERATE_INFOPLIST_FILE = YES;
				MACOSX_DEPLOYMENT_TARGET = 12.3;
				MARKETING_VERSION = 1.0;
				PRODUCT_BUNDLE_IDENTIFIER = "com.lukeredmore.Tests-macOS";
				PRODUCT_NAME = "$(TARGET_NAME)";
				SDKROOT = macosx;
				SWIFT_EMIT_LOC_STRINGS = NO;
				SWIFT_VERSION = 5.0;
				TEST_TARGET_NAME = "DukeSakai (macOS)";
			};
			name = Debug;
		};
		26CF4B09288646590017C703 /* Release */ = {
			isa = XCBuildConfiguration;
			buildSettings = {
				ALWAYS_EMBED_SWIFT_STANDARD_LIBRARIES = YES;
				CODE_SIGN_STYLE = Automatic;
				CURRENT_PROJECT_VERSION = 1;
				DEVELOPMENT_TEAM = XU8E27A586;
				GENERATE_INFOPLIST_FILE = YES;
				MACOSX_DEPLOYMENT_TARGET = 12.3;
				MARKETING_VERSION = 1.0;
				PRODUCT_BUNDLE_IDENTIFIER = "com.lukeredmore.Tests-macOS";
				PRODUCT_NAME = "$(TARGET_NAME)";
				SDKROOT = macosx;
				SWIFT_EMIT_LOC_STRINGS = NO;
				SWIFT_VERSION = 5.0;
				TEST_TARGET_NAME = "DukeSakai (macOS)";
			};
			name = Release;
		};
/* End XCBuildConfiguration section */

/* Begin XCConfigurationList section */
		26CF4ACC288646560017C703 /* Build configuration list for PBXProject "DukeSakai" */ = {
			isa = XCConfigurationList;
			buildConfigurations = (
				26CF4AFC288646590017C703 /* Debug */,
				26CF4AFD288646590017C703 /* Release */,
			);
			defaultConfigurationIsVisible = 0;
			defaultConfigurationName = Release;
		};
		26CF4AFE288646590017C703 /* Build configuration list for PBXNativeTarget "DukeSakai (iOS)" */ = {
			isa = XCConfigurationList;
			buildConfigurations = (
				26CF4AFF288646590017C703 /* Debug */,
				26CF4B00288646590017C703 /* Release */,
			);
			defaultConfigurationIsVisible = 0;
			defaultConfigurationName = Release;
		};
		26CF4B01288646590017C703 /* Build configuration list for PBXNativeTarget "DukeSakai (macOS)" */ = {
			isa = XCConfigurationList;
			buildConfigurations = (
				26CF4B02288646590017C703 /* Debug */,
				26CF4B03288646590017C703 /* Release */,
			);
			defaultConfigurationIsVisible = 0;
			defaultConfigurationName = Release;
		};
		26CF4B04288646590017C703 /* Build configuration list for PBXNativeTarget "Tests iOS" */ = {
			isa = XCConfigurationList;
			buildConfigurations = (
				26CF4B05288646590017C703 /* Debug */,
				26CF4B06288646590017C703 /* Release */,
			);
			defaultConfigurationIsVisible = 0;
			defaultConfigurationName = Release;
		};
		26CF4B07288646590017C703 /* Build configuration list for PBXNativeTarget "Tests macOS" */ = {
			isa = XCConfigurationList;
			buildConfigurations = (
				26CF4B08288646590017C703 /* Debug */,
				26CF4B09288646590017C703 /* Release */,
			);
			defaultConfigurationIsVisible = 0;
			defaultConfigurationName = Release;
		};
/* End XCConfigurationList section */
	};
	rootObject = 26CF4AC9288646560017C703 /* Project object */;
}
